
Microsoft Visual Studio Solution File, Format Version 12.00
# Visual Studio 15
VisualStudioVersion = 15.0.28307.572
MinimumVisualStudioVersion = 10.0.40219.1
Project("{FAE04EC0-301F-11D3-BF4B-00C04F79EFBC}") = "ModLib", "ModLib\ModLib.csproj", "{C45EDB89-4311-482D-88C3-504A7E17130C}"
EndProject
Project("{FAE04EC0-301F-11D3-BF4B-00C04F79EFBC}") = "Assembly-CSharp", "Assembly-CSharp\Assembly-CSharp.csproj", "{7A84A1D6-8F21-4EFE-8623-4BA5C9D3AC08}"
EndProject
Global
	GlobalSection(SolutionConfigurationPlatforms) = preSolution
		Debug|Any CPU = Debug|Any CPU
		Release|Any CPU = Release|Any CPU
	EndGlobalSection
	GlobalSection(ProjectConfigurationPlatforms) = postSolution
		{C45EDB89-4311-482D-88C3-504A7E17130C}.Debug|Any CPU.ActiveCfg = Debug|Any CPU
		{C45EDB89-4311-482D-88C3-504A7E17130C}.Debug|Any CPU.Build.0 = Debug|Any CPU
		{C45EDB89-4311-482D-88C3-504A7E17130C}.Release|Any CPU.ActiveCfg = Release|Any CPU
		{C45EDB89-4311-482D-88C3-504A7E17130C}.Release|Any CPU.Build.0 = Release|Any CPU
		{7A84A1D6-8F21-4EFE-8623-4BA5C9D3AC08}.Debug|Any CPU.ActiveCfg = Debug|Any CPU
		{7A84A1D6-8F21-4EFE-8623-4BA5C9D3AC08}.Debug|Any CPU.Build.0 = Debug|Any CPU
		{7A84A1D6-8F21-4EFE-8623-4BA5C9D3AC08}.Release|Any CPU.ActiveCfg = Release|Any CPU
		{7A84A1D6-8F21-4EFE-8623-4BA5C9D3AC08}.Release|Any CPU.Build.0 = Release|Any CPU
	EndGlobalSection
	GlobalSection(SolutionProperties) = preSolution
		HideSolutionNode = FALSE
	EndGlobalSection
	GlobalSection(ExtensibilityGlobals) = postSolution
		SolutionGuid = {25CDA72A-A7ED-4330-9004-AC6AE7E48EFC}
	EndGlobalSection
EndGlobal
